
Microsoft Visual Studio Solution File, Format Version 12.00
# Visual Studio Version 17
VisualStudioVersion = 17.14.37012.4 d17.14
MinimumVisualStudioVersion = 10.0.40219.1
Project("{FAE04EC0-301F-11D3-BF4B-00C04F79EFBC}") = "MasterBooking.API", "MasterBooking.API\MasterBooking.API.csproj", "{04FAA34E-4F8C-4FD8-95FD-5D1D2ABB39C4}"
EndProject
Project("{FAE04EC0-301F-11D3-BF4B-00C04F79EFBC}") = "MasterBooking.BLL", "MasterBooking.BLL\MasterBooking.BLL.csproj", "{D69BA0B6-AAE5-46DB-8292-D27291C5BC07}"
EndProject
Project("{FAE04EC0-301F-11D3-BF4B-00C04F79EFBC}") = "MasterBooking.DAL", "MasterBooking.DAL\MasterBooking.DAL.csproj", "{D2A55446-428F-41BD-B85B-780BE5190D50}"
EndProject
Global
	GlobalSection(SolutionConfigurationPlatforms) = preSolution
		Debug|Any CPU = Debug|Any CPU
		Release|Any CPU = Release|Any CPU
	EndGlobalSection
	GlobalSection(ProjectConfigurationPlatforms) = postSolution
		{04FAA34E-4F8C-4FD8-95FD-5D1D2ABB39C4}.Debug|Any CPU.ActiveCfg = Debug|Any CPU
		{04FAA34E-4F8C-4FD8-95FD-5D1D2ABB39C4}.Debug|Any CPU.Build.0 = Debug|Any CPU
		{04FAA34E-4F8C-4FD8-95FD-5D1D2ABB39C4}.Release|Any CPU.ActiveCfg = Release|Any CPU
		{04FAA34E-4F8C-4FD8-95FD-5D1D2ABB39C4}.Release|Any CPU.Build.0 = Release|Any CPU
		{D69BA0B6-AAE5-46DB-8292-D27291C5BC07}.Debug|Any CPU.ActiveCfg = Debug|Any CPU
		{D69BA0B6-AAE5-46DB-8292-D27291C5BC07}.Debug|Any CPU.Build.0 = Debug|Any CPU
		{D69BA0B6-AAE5-46DB-8292-D27291C5BC07}.Release|Any CPU.ActiveCfg = Release|Any CPU
		{D69BA0B6-AAE5-46DB-8292-D27291C5BC07}.Release|Any CPU.Build.0 = Release|Any CPU
		{D2A55446-428F-41BD-B85B-780BE5190D50}.Debug|Any CPU.ActiveCfg = Debug|Any CPU
		{D2A55446-428F-41BD-B85B-780BE5190D50}.Debug|Any CPU.Build.0 = Debug|Any CPU
		{D2A55446-428F-41BD-B85B-780BE5190D50}.Release|Any CPU.ActiveCfg = Release|Any CPU
		{D2A55446-428F-41BD-B85B-780BE5190D50}.Release|Any CPU.Build.0 = Release|Any CPU
	EndGlobalSection
	GlobalSection(SolutionProperties) = preSolution
		HideSolutionNode = FALSE
	EndGlobalSection
	GlobalSection(ExtensibilityGlobals) = postSolution
		SolutionGuid = {5E8B2B62-FA50-448A-8AAB-83C66CC34DE8}
	EndGlobalSection
EndGlobal
